
Microsoft Visual Studio Solution File, Format Version 11.00
# Visual Studio 2010
Project("{FAE04EC0-301F-11D3-BF4B-00C04F79EFBC}") = "AssemblyBuddy", "AssemblyBuddy\AssemblyBuddy.csproj", "{F23CB254-16E0-4BBF-B5BA-08BD2AE8797B}"
EndProject
Project("{FAE04EC0-301F-11D3-BF4B-00C04F79EFBC}") = "AssemblyBuddy.Interfaces", "AssemblyBuddy.Interfaces\AssemblyBuddy.Interfaces.csproj", "{A42F2FCC-3C09-4509-9297-380BCE6C5A79}"
EndProject
Project("{FAE04EC0-301F-11D3-BF4B-00C04F79EFBC}") = "AssemblyBuddy.Core", "AssemblyBuddy.Core\AssemblyBuddy.Core.csproj", "{89F4992B-0B6D-4AFD-90FC-6BF3B47A06B1}"
EndProject
Project("{FAE04EC0-301F-11D3-BF4B-00C04F79EFBC}") = "AssemblyBuddy.Console", "AssemblyBuddy.Console\AssemblyBuddy.Console.csproj", "{D17D1926-9EEC-4D63-8F5E-67BD18BE9274}"
EndProject
Project("{FAE04EC0-301F-11D3-BF4B-00C04F79EFBC}") = "AssemblyBuddy.Core.Tests", "AssemblyBuddy.Core.Tests\AssemblyBuddy.Core.Tests.csproj", "{07DE0707-9B08-48B0-8325-EB511728FC57}"
EndProject
Project("{2150E333-8FDC-42A3-9474-1A3956D46DE8}") = "Solution Items", "Solution Items", "{1AF11EF0-7D81-4798-9BE6-37D06958EAEE}"
	ProjectSection(SolutionItems) = preProject
		AssemblyBuddy.vsmdi = AssemblyBuddy.vsmdi
		Local.testsettings = Local.testsettings
		TraceAndTestImpact.testsettings = TraceAndTestImpact.testsettings
	EndProjectSection
EndProject
Global
	GlobalSection(TestCaseManagementSettings) = postSolution
		CategoryFile = AssemblyBuddy.vsmdi
	EndGlobalSection
	GlobalSection(SolutionConfigurationPlatforms) = preSolution
		Debug|Any CPU = Debug|Any CPU
		Debug|Mixed Platforms = Debug|Mixed Platforms
		Debug|x86 = Debug|x86
		Release|Any CPU = Release|Any CPU
		Release|Mixed Platforms = Release|Mixed Platforms
		Release|x86 = Release|x86
	EndGlobalSection
	GlobalSection(ProjectConfigurationPlatforms) = postSolution
		{F23CB254-16E0-4BBF-B5BA-08BD2AE8797B}.Debug|Any CPU.ActiveCfg = Debug|x86
		{F23CB254-16E0-4BBF-B5BA-08BD2AE8797B}.Debug|Mixed Platforms.ActiveCfg = Debug|x86
		{F23CB254-16E0-4BBF-B5BA-08BD2AE8797B}.Debug|Mixed Platforms.Build.0 = Debug|x86
		{F23CB254-16E0-4BBF-B5BA-08BD2AE8797B}.Debug|x86.ActiveCfg = Debug|x86
		{F23CB254-16E0-4BBF-B5BA-08BD2AE8797B}.Debug|x86.Build.0 = Debug|x86
		{F23CB254-16E0-4BBF-B5BA-08BD2AE8797B}.Release|Any CPU.ActiveCfg = Release|x86
		{F23CB254-16E0-4BBF-B5BA-08BD2AE8797B}.Release|Mixed Platforms.ActiveCfg = Release|x86
		{F23CB254-16E0-4BBF-B5BA-08BD2AE8797B}.Release|Mixed Platforms.Build.0 = Release|x86
		{F23CB254-16E0-4BBF-B5BA-08BD2AE8797B}.Release|x86.ActiveCfg = Release|x86
		{F23CB254-16E0-4BBF-B5BA-08BD2AE8797B}.Release|x86.Build.0 = Release|x86
		{A42F2FCC-3C09-4509-9297-380BCE6C5A79}.Debug|Any CPU.ActiveCfg = Debug|Any CPU
		{A42F2FCC-3C09-4509-9297-380BCE6C5A79}.Debug|Any CPU.Build.0 = Debug|Any CPU
		{A42F2FCC-3C09-4509-9297-380BCE6C5A79}.Debug|Mixed Platforms.ActiveCfg = Debug|Any CPU
		{A42F2FCC-3C09-4509-9297-380BCE6C5A79}.Debug|Mixed Platforms.Build.0 = Debug|Any CPU
		{A42F2FCC-3C09-4509-9297-380BCE6C5A79}.Debug|x86.ActiveCfg = Debug|Any CPU
		{A42F2FCC-3C09-4509-9297-380BCE6C5A79}.Release|Any CPU.ActiveCfg = Release|Any CPU
		{A42F2FCC-3C09-4509-9297-380BCE6C5A79}.Release|Any CPU.Build.0 = Release|Any CPU
		{A42F2FCC-3C09-4509-9297-380BCE6C5A79}.Release|Mixed Platforms.ActiveCfg = Release|Any CPU
		{A42F2FCC-3C09-4509-9297-380BCE6C5A79}.Release|Mixed Platforms.Build.0 = Release|Any CPU
		{A42F2FCC-3C09-4509-9297-380BCE6C5A79}.Release|x86.ActiveCfg = Release|Any CPU
		{89F4992B-0B6D-4AFD-90FC-6BF3B47A06B1}.Debug|Any CPU.ActiveCfg = Debug|Any CPU
		{89F4992B-0B6D-4AFD-90FC-6BF3B47A06B1}.Debug|Any CPU.Build.0 = Debug|Any CPU
		{89F4992B-0B6D-4AFD-90FC-6BF3B47A06B1}.Debug|Mixed Platforms.ActiveCfg = Debug|Any CPU
		{89F4992B-0B6D-4AFD-90FC-6BF3B47A06B1}.Debug|Mixed Platforms.Build.0 = Debug|Any CPU
		{89F4992B-0B6D-4AFD-90FC-6BF3B47A06B1}.Debug|x86.ActiveCfg = Debug|Any CPU
		{89F4992B-0B6D-4AFD-90FC-6BF3B47A06B1}.Release|Any CPU.ActiveCfg = Release|Any CPU
		{89F4992B-0B6D-4AFD-90FC-6BF3B47A06B1}.Release|Any CPU.Build.0 = Release|Any CPU
		{89F4992B-0B6D-4AFD-90FC-6BF3B47A06B1}.Release|Mixed Platforms.ActiveCfg = Release|Any CPU
		{89F4992B-0B6D-4AFD-90FC-6BF3B47A06B1}.Release|Mixed Platforms.Build.0 = Release|Any CPU
		{89F4992B-0B6D-4AFD-90FC-6BF3B47A06B1}.Release|x86.ActiveCfg = Release|Any CPU
		{D17D1926-9EEC-4D63-8F5E-67BD18BE9274}.Debug|Any CPU.ActiveCfg = Debug|x86
		{D17D1926-9EEC-4D63-8F5E-67BD18BE9274}.Debug|Mixed Platforms.ActiveCfg = Debug|x86
		{D17D1926-9EEC-4D63-8F5E-67BD18BE9274}.Debug|Mixed Platforms.Build.0 = Debug|x86
		{D17D1926-9EEC-4D63-8F5E-67BD18BE9274}.Debug|x86.ActiveCfg = Debug|x86
		{D17D1926-9EEC-4D63-8F5E-67BD18BE9274}.Debug|x86.Build.0 = Debug|x86
		{D17D1926-9EEC-4D63-8F5E-67BD18BE9274}.Release|Any CPU.ActiveCfg = Release|x86
		{D17D1926-9EEC-4D63-8F5E-67BD18BE9274}.Release|Mixed Platforms.ActiveCfg = Release|x86
		{D17D1926-9EEC-4D63-8F5E-67BD18BE9274}.Release|Mixed Platforms.Build.0 = Release|x86
		{D17D1926-9EEC-4D63-8F5E-67BD18BE9274}.Release|x86.ActiveCfg = Release|x86
		{D17D1926-9EEC-4D63-8F5E-67BD18BE9274}.Release|x86.Build.0 = Release|x86
		{07DE0707-9B08-48B0-8325-EB511728FC57}.Debug|Any CPU.ActiveCfg = Debug|Any CPU
		{07DE0707-9B08-48B0-8325-EB511728FC57}.Debug|Any CPU.Build.0 = Debug|Any CPU
		{07DE0707-9B08-48B0-8325-EB511728FC57}.Debug|Mixed Platforms.ActiveCfg = Debug|Any CPU
		{07DE0707-9B08-48B0-8325-EB511728FC57}.Debug|Mixed Platforms.Build.0 = Debug|Any CPU
		{07DE0707-9B08-48B0-8325-EB511728FC57}.Debug|x86.ActiveCfg = Debug|Any CPU
		{07DE0707-9B08-48B0-8325-EB511728FC57}.Release|Any CPU.ActiveCfg = Release|Any CPU
		{07DE0707-9B08-48B0-8325-EB511728FC57}.Release|Any CPU.Build.0 = Release|Any CPU
		{07DE0707-9B08-48B0-8325-EB511728FC57}.Release|Mixed Platforms.ActiveCfg = Release|Any CPU
		{07DE0707-9B08-48B0-8325-EB511728FC57}.Release|Mixed Platforms.Build.0 = Release|Any CPU
		{07DE0707-9B08-48B0-8325-EB511728FC57}.Release|x86.ActiveCfg = Release|Any CPU
	EndGlobalSection
	GlobalSection(SolutionProperties) = preSolution
		HideSolutionNode = FALSE
	EndGlobalSection
EndGlobal
